
Microsoft Visual Studio Solution File, Format Version 12.00
# Visual Studio Version 17
VisualStudioVersion = 17.7.34221.43
MinimumVisualStudioVersion = 10.0.40219.1
Project("{FAE04EC0-301F-11D3-BF4B-00C04F79EFBC}") = "calculatorapp.UWP", "calculatorapp\calculatorapp.UWP\calculatorapp.UWP.csproj", "{7779DABA-A8E7-4F94-B18F-A6BB8E083298}"
EndProject
Project("{FAE04EC0-301F-11D3-BF4B-00C04F79EFBC}") = "calculatorapp.Android", "calculatorapp\calculatorapp.Android\calculatorapp.Android.csproj", "{2ABCB763-C33E-4C15-A954-EF16997634CD}"
EndProject
Project("{FAE04EC0-301F-11D3-BF4B-00C04F79EFBC}") = "calculatorapp.iOS", "calculatorapp\calculatorapp.iOS\calculatorapp.iOS.csproj", "{13932BBF-2761-409F-BB68-978A413564DB}"
EndProject
Project("{FAE04EC0-301F-11D3-BF4B-00C04F79EFBC}") = "calculatorapp", "calculatorapp\calculatorapp\calculatorapp.csproj", "{AB62F29D-2F8D-4DF8-B5DF-7BA94028F7C7}"
EndProject
Global
	GlobalSection(SolutionConfigurationPlatforms) = preSolution
		Debug|Any CPU = Debug|Any CPU
		Debug|ARM = Debug|ARM
		Debug|iPhone = Debug|iPhone
		Debug|iPhoneSimulator = Debug|iPhoneSimulator
		Debug|x64 = Debug|x64
		Debug|x86 = Debug|x86
		Release|Any CPU = Release|Any CPU
		Release|ARM = Release|ARM
		Release|iPhone = Release|iPhone
		Release|iPhoneSimulator = Release|iPhoneSimulator
		Release|x64 = Release|x64
		Release|x86 = Release|x86
	EndGlobalSection
	GlobalSection(ProjectConfigurationPlatforms) = postSolution
		{7779DABA-A8E7-4F94-B18F-A6BB8E083298}.Debug|Any CPU.ActiveCfg = Debug|x64
		{7779DABA-A8E7-4F94-B18F-A6BB8E083298}.Debug|Any CPU.Build.0 = Debug|x64
		{7779DABA-A8E7-4F94-B18F-A6BB8E083298}.Debug|Any CPU.Deploy.0 = Debug|x64
		{7779DABA-A8E7-4F94-B18F-A6BB8E083298}.Debug|ARM.ActiveCfg = Debug|ARM
		{7779DABA-A8E7-4F94-B18F-A6BB8E083298}.Debug|ARM.Build.0 = Debug|ARM
		{7779DABA-A8E7-4F94-B18F-A6BB8E083298}.Debug|ARM.Deploy.0 = Debug|ARM
		{7779DABA-A8E7-4F94-B18F-A6BB8E083298}.Debug|iPhone.ActiveCfg = Debug|x64
		{7779DABA-A8E7-4F94-B18F-A6BB8E083298}.Debug|iPhone.Build.0 = Debug|x64
		{7779DABA-A8E7-4F94-B18F-A6BB8E083298}.Debug|iPhone.Deploy.0 = Debug|x64
		{7779DABA-A8E7-4F94-B18F-A6BB8E083298}.Debug|iPhoneSimulator.ActiveCfg = Debug|x64
		{7779DABA-A8E7-4F94-B18F-A6BB8E083298}.Debug|iPhoneSimulator.Build.0 = Debug|x64
		{7779DABA-A8E7-4F94-B18F-A6BB8E083298}.Debug|iPhoneSimulator.Deploy.0 = Debug|x64
		{7779DABA-A8E7-4F94-B18F-A6BB8E083298}.Debug|x64.ActiveCfg = Debug|x64
		{7779DABA-A8E7-4F94-B18F-A6BB8E083298}.Debug|x64.Build.0 = Debug|x64
		{7779DABA-A8E7-4F94-B18F-A6BB8E083298}.Debug|x64.Deploy.0 = Debug|x64
		{7779DABA-A8E7-4F94-B18F-A6BB8E083298}.Debug|x86.ActiveCfg = Debug|x86
		{7779DABA-A8E7-4F94-B18F-A6BB8E083298}.Debug|x86.Build.0 = Debug|x86
		{7779DABA-A8E7-4F94-B18F-A6BB8E083298}.Debug|x86.Deploy.0 = Debug|x86
		{7779DABA-A8E7-4F94-B18F-A6BB8E083298}.Release|Any CPU.ActiveCfg = Release|x64
		{7779DABA-A8E7-4F94-B18F-A6BB8E083298}.Release|Any CPU.Build.0 = Release|x64
		{7779DABA-A8E7-4F94-B18F-A6BB8E083298}.Release|Any CPU.Deploy.0 = Release|x64
		{7779DABA-A8E7-4F94-B18F-A6BB8E083298}.Release|ARM.ActiveCfg = Release|ARM
		{7779DABA-A8E7-4F94-B18F-A6BB8E083298}.Release|ARM.Build.0 = Release|ARM
		{7779DABA-A8E7-4F94-B18F-A6BB8E083298}.Release|ARM.Deploy.0 = Release|ARM
		{7779DABA-A8E7-4F94-B18F-A6BB8E083298}.Release|iPhone.ActiveCfg = Release|x64
		{7779DABA-A8E7-4F94-B18F-A6BB8E083298}.Release|iPhone.Build.0 = Release|x64
		{7779DABA-A8E7-4F94-B18F-A6BB8E083298}.Release|iPhone.Deploy.0 = Release|x64
		{7779DABA-A8E7-4F94-B18F-A6BB8E083298}.Release|iPhoneSimulator.ActiveCfg = Release|x64
		{7779DABA-A8E7-4F94-B18F-A6BB8E083298}.Release|iPhoneSimulator.Build.0 = Release|x64
		{7779DABA-A8E7-4F94-B18F-A6BB8E083298}.Release|iPhoneSimulator.Deploy.0 = Release|x64
		{7779DABA-A8E7-4F94-B18F-A6BB8E083298}.Release|x64.ActiveCfg = Release|x64
		{7779DABA-A8E7-4F94-B18F-A6BB8E083298}.Release|x64.Build.0 = Release|x64
		{7779DABA-A8E7-4F94-B18F-A6BB8E083298}.Release|x64.Deploy.0 = Release|x64
		{7779DABA-A8E7-4F94-B18F-A6BB8E083298}.Release|x86.ActiveCfg = Release|x86
		{7779DABA-A8E7-4F94-B18F-A6BB8E083298}.Release|x86.Build.0 = Release|x86
		{7779DABA-A8E7-4F94-B18F-A6BB8E083298}.Release|x86.Deploy.0 = Release|x86
		{2ABCB763-C33E-4C15-A954-EF16997634CD}.Debug|Any CPU.ActiveCfg = Debug|Any CPU
		{2ABCB763-C33E-4C15-A954-EF16997634CD}.Debug|Any CPU.Build.0 = Debug|Any CPU
		{2ABCB763-C33E-4C15-A954-EF16997634CD}.Debug|Any CPU.Deploy.0 = Debug|Any CPU
		{2ABCB763-C33E-4C15-A954-EF16997634CD}.Debug|ARM.ActiveCfg = Debug|Any CPU
		{2ABCB763-C33E-4C15-A954-EF16997634CD}.Debug|ARM.Build.0 = Debug|Any CPU
		{2ABCB763-C33E-4C15-A954-EF16997634CD}.Debug|ARM.Deploy.0 = Debug|Any CPU
		{2ABCB763-C33E-4C15-A954-EF16997634CD}.Debug|iPhone.ActiveCfg = Debug|Any CPU
		{2ABCB763-C33E-4C15-A954-EF16997634CD}.Debug|iPhone.Build.0 = Debug|Any CPU
		{2ABCB763-C33E-4C15-A954-EF16997634CD}.Debug|iPhone.Deploy.0 = Debug|Any CPU
		{2ABCB763-C33E-4C15-A954-EF16997634CD}.Debug|iPhoneSimulator.ActiveCfg = Debug|Any CPU
		{2ABCB763-C33E-4C15-A954-EF16997634CD}.Debug|iPhoneSimulator.Build.0 = Debug|Any CPU
		{2ABCB763-C33E-4C15-A954-EF16997634CD}.Debug|iPhoneSimulator.Deploy.0 = Debug|Any CPU
		{2ABCB763-C33E-4C15-A954-EF16997634CD}.Debug|x64.ActiveCfg = Debug|Any CPU
		{2ABCB763-C33E-4C15-A954-EF16997634CD}.Debug|x64.Build.0 = Debug|Any CPU
		{2ABCB763-C33E-4C15-A954-EF16997634CD}.Debug|x64.Deploy.0 = Debug|Any CPU
		{2ABCB763-C33E-4C15-A954-EF16997634CD}.Debug|x86.ActiveCfg = Debug|Any CPU
		{2ABCB763-C33E-4C15-A954-EF16997634CD}.Debug|x86.Build.0 = Debug|Any CPU
		{2ABCB763-C33E-4C15-A954-EF16997634CD}.Debug|x86.Deploy.0 = Debug|Any CPU
		{2ABCB763-C33E-4C15-A954-EF16997634CD}.Release|Any CPU.ActiveCfg = Release|Any CPU
		{2ABCB763-C33E-4C15-A954-EF16997634CD}.Release|Any CPU.Build.0 = Release|Any CPU
		{2ABCB763-C33E-4C15-A954-EF16997634CD}.Release|Any CPU.Deploy.0 = Release|Any CPU
		{2ABCB763-C33E-4C15-A954-EF16997634CD}.Release|ARM.ActiveCfg = Release|Any CPU
		{2ABCB763-C33E-4C15-A954-EF16997634CD}.Release|ARM.Build.0 = Release|Any CPU
		{2ABCB763-C33E-4C15-A954-EF16997634CD}.Release|ARM.Deploy.0 = Release|Any CPU
		{2ABCB763-C33E-4C15-A954-EF16997634CD}.Release|iPhone.ActiveCfg = Release|Any CPU
		{2ABCB763-C33E-4C15-A954-EF16997634CD}.Release|iPhone.Build.0 = Release|Any CPU
		{2ABCB763-C33E-4C15-A954-EF16997634CD}.Release|iPhone.Deploy.0 = Release|Any CPU
		{2ABCB763-C33E-4C15-A954-EF16997634CD}.Release|iPhoneSimulator.ActiveCfg = Release|Any CPU
		{2ABCB763-C33E-4C15-A954-EF16997634CD}.Release|iPhoneSimulator.Build.0 = Release|Any CPU
		{2ABCB763-C33E-4C15-A954-EF16997634CD}.Release|iPhoneSimulator.Deploy.0 = Release|Any CPU
		{2ABCB763-C33E-4C15-A954-EF16997634CD}.Release|x64.ActiveCfg = Release|Any CPU
		{2ABCB763-C33E-4C15-A954-EF16997634CD}.Release|x64.Build.0 = Release|Any CPU
		{2ABCB763-C33E-4C15-A954-EF16997634CD}.Release|x64.Deploy.0 = Release|Any CPU
		{2ABCB763-C33E-4C15-A954-EF16997634CD}.Release|x86.ActiveCfg = Release|Any CPU
		{2ABCB763-C33E-4C15-A954-EF16997634CD}.Release|x86.Build.0 = Release|Any CPU
		{2ABCB763-C33E-4C15-A954-EF16997634CD}.Release|x86.Deploy.0 = Release|Any CPU
		{13932BBF-2761-409F-BB68-978A413564DB}.Debug|Any CPU.ActiveCfg = Debug|iPhoneSimulator
		{13932BBF-2761-409F-BB68-978A413564DB}.Debug|Any CPU.Build.0 = Debug|iPhoneSimulator
		{13932BBF-2761-409F-BB68-978A413564DB}.Debug|Any CPU.Deploy.0 = Debug|iPhoneSimulator
		{13932BBF-2761-409F-BB68-978A413564DB}.Debug|ARM.ActiveCfg = Debug|iPhoneSimulator
		{13932BBF-2761-409F-BB68-978A413564DB}.Debug|ARM.Build.0 = Debug|iPhoneSimulator
		{13932BBF-2761-409F-BB68-978A413564DB}.Debug|ARM.Deploy.0 = Debug|iPhoneSimulator
		{13932BBF-2761-409F-BB68-978A413564DB}.Debug|iPhone.ActiveCfg = Debug|iPhone
		{13932BBF-2761-409F-BB68-978A413564DB}.Debug|iPhone.Build.0 = Debug|iPhone
		{13932BBF-2761-409F-BB68-978A413564DB}.Debug|iPhone.Deploy.0 = Debug|iPhone
		{13932BBF-2761-409F-BB68-978A413564DB}.Debug|iPhoneSimulator.ActiveCfg = Debug|iPhoneSimulator
		{13932BBF-2761-409F-BB68-978A413564DB}.Debug|iPhoneSimulator.Build.0 = Debug|iPhoneSimulator
		{13932BBF-2761-409F-BB68-978A413564DB}.Debug|iPhoneSimulator.Deploy.0 = Debug|iPhoneSimulator
		{13932BBF-2761-409F-BB68-978A413564DB}.Debug|x64.ActiveCfg = Debug|iPhone
		{13932BBF-2761-409F-BB68-978A413564DB}.Debug|x64.Build.0 = Debug|iPhone
		{13932BBF-2761-409F-BB68-978A413564DB}.Debug|x64.Deploy.0 = Debug|iPhone
		{13932BBF-2761-409F-BB68-978A413564DB}.Debug|x86.ActiveCfg = Debug|iPhoneSimulator
		{13932BBF-2761-409F-BB68-978A413564DB}.Debug|x86.Build.0 = Debug|iPhoneSimulator
		{13932BBF-2761-409F-BB68-978A413564DB}.Debug|x86.Deploy.0 = Debug|iPhoneSimulator
		{13932BBF-2761-409F-BB68-978A413564DB}.Release|Any CPU.ActiveCfg = Release|iPhoneSimulator
		{13932BBF-2761-409F-BB68-978A413564DB}.Release|Any CPU.Build.0 = Release|iPhoneSimulator
		{13932BBF-2761-409F-BB68-978A413564DB}.Release|Any CPU.Deploy.0 = Release|iPhoneSimulator
		{13932BBF-2761-409F-BB68-978A413564DB}.Release|ARM.ActiveCfg = Release|iPhoneSimulator
		{13932BBF-2761-409F-BB68-978A413564DB}.Release|ARM.Build.0 = Release|iPhoneSimulator
		{13932BBF-2761-409F-BB68-978A413564DB}.Release|ARM.Deploy.0 = Release|iPhoneSimulator
		{13932BBF-2761-409F-BB68-978A413564DB}.Release|iPhone.ActiveCfg = Release|iPhone
		{13932BBF-2761-409F-BB68-978A413564DB}.Release|iPhone.Build.0 = Release|iPhone
		{13932BBF-2761-409F-BB68-978A413564DB}.Release|iPhone.Deploy.0 = Release|iPhone
		{13932BBF-2761-409F-BB68-978A413564DB}.Release|iPhoneSimulator.ActiveCfg = Release|iPhoneSimulator
		{13932BBF-2761-409F-BB68-978A413564DB}.Release|iPhoneSimulator.Build.0 = Release|iPhoneSimulator
		{13932BBF-2761-409F-BB68-978A413564DB}.Release|iPhoneSimulator.Deploy.0 = Release|iPhoneSimulator
		{13932BBF-2761-409F-BB68-978A413564DB}.Release|x64.ActiveCfg = Release|iPhoneSimulator
		{13932BBF-2761-409F-BB68-978A413564DB}.Release|x64.Build.0 = Release|iPhoneSimulator
		{13932BBF-2761-409F-BB68-978A413564DB}.Release|x64.Deploy.0 = Release|iPhoneSimulator
		{13932BBF-2761-409F-BB68-978A413564DB}.Release|x86.ActiveCfg = Release|iPhoneSimulator
		{13932BBF-2761-409F-BB68-978A413564DB}.Release|x86.Build.0 = Release|iPhoneSimulator
		{13932BBF-2761-409F-BB68-978A413564DB}.Release|x86.Deploy.0 = Release|iPhoneSimulator
		{AB62F29D-2F8D-4DF8-B5DF-7BA94028F7C7}.Debug|Any CPU.ActiveCfg = Debug|Any CPU
		{AB62F29D-2F8D-4DF8-B5DF-7BA94028F7C7}.Debug|Any CPU.Build.0 = Debug|Any CPU
		{AB62F29D-2F8D-4DF8-B5DF-7BA94028F7C7}.Debug|Any CPU.Deploy.0 = Debug|Any CPU
		{AB62F29D-2F8D-4DF8-B5DF-7BA94028F7C7}.Debug|ARM.ActiveCfg = Debug|Any CPU
		{AB62F29D-2F8D-4DF8-B5DF-7BA94028F7C7}.Debug|ARM.Build.0 = Debug|Any CPU
		{AB62F29D-2F8D-4DF8-B5DF-7BA94028F7C7}.Debug|ARM.Deploy.0 = Debug|Any CPU
		{AB62F29D-2F8D-4DF8-B5DF-7BA94028F7C7}.Debug|iPhone.ActiveCfg = Debug|Any CPU
		{AB62F29D-2F8D-4DF8-B5DF-7BA94028F7C7}.Debug|iPhone.Build.0 = Debug|Any CPU
		{AB62F29D-2F8D-4DF8-B5DF-7BA94028F7C7}.Debug|iPhone.Deploy.0 = Debug|Any CPU
		{AB62F29D-2F8D-4DF8-B5DF-7BA94028F7C7}.Debug|iPhoneSimulator.ActiveCfg = Debug|Any CPU
		{AB62F29D-2F8D-4DF8-B5DF-7BA94028F7C7}.Debug|iPhoneSimulator.Build.0 = Debug|Any CPU
		{AB62F29D-2F8D-4DF8-B5DF-7BA94028F7C7}.Debug|iPhoneSimulator.Deploy.0 = Debug|Any CPU
		{AB62F29D-2F8D-4DF8-B5DF-7BA94028F7C7}.Debug|x64.ActiveCfg = Debug|Any CPU
		{AB62F29D-2F8D-4DF8-B5DF-7BA94028F7C7}.Debug|x64.Build.0 = Debug|Any CPU
		{AB62F29D-2F8D-4DF8-B5DF-7BA94028F7C7}.Debug|x64.Deploy.0 = Debug|Any CPU
		{AB62F29D-2F8D-4DF8-B5DF-7BA94028F7C7}.Debug|x86.ActiveCfg = Debug|Any CPU
		{AB62F29D-2F8D-4DF8-B5DF-7BA94028F7C7}.Debug|x86.Build.0 = Debug|Any CPU
		{AB62F29D-2F8D-4DF8-B5DF-7BA94028F7C7}.Debug|x86.Deploy.0 = Debug|Any CPU
		{AB62F29D-2F8D-4DF8-B5DF-7BA94028F7C7}.Release|Any CPU.ActiveCfg = Release|Any CPU
		{AB62F29D-2F8D-4DF8-B5DF-7BA94028F7C7}.Release|Any CPU.Build.0 = Release|Any CPU
		{AB62F29D-2F8D-4DF8-B5DF-7BA94028F7C7}.Release|Any CPU.Deploy.0 = Release|Any CPU
		{AB62F29D-2F8D-4DF8-B5DF-7BA94028F7C7}.Release|ARM.ActiveCfg = Release|Any CPU
		{AB62F29D-2F8D-4DF8-B5DF-7BA94028F7C7}.Release|ARM.Build.0 = Release|Any CPU
		{AB62F29D-2F8D-4DF8-B5DF-7BA94028F7C7}.Release|ARM.Deploy.0 = Release|Any CPU
		{AB62F29D-2F8D-4DF8-B5DF-7BA94028F7C7}.Release|iPhone.ActiveCfg = Release|Any CPU
		{AB62F29D-2F8D-4DF8-B5DF-7BA94028F7C7}.Release|iPhone.Build.0 = Release|Any CPU
		{AB62F29D-2F8D-4DF8-B5DF-7BA94028F7C7}.Release|iPhone.Deploy.0 = Release|Any CPU
		{AB62F29D-2F8D-4DF8-B5DF-7BA94028F7C7}.Release|iPhoneSimulator.ActiveCfg = Release|Any CPU
		{AB62F29D-2F8D-4DF8-B5DF-7BA94028F7C7}.Release|iPhoneSimulator.Build.0 = Release|Any CPU
		{AB62F29D-2F8D-4DF8-B5DF-7BA94028F7C7}.Release|iPhoneSimulator.Deploy.0 = Release|Any CPU
		{AB62F29D-2F8D-4DF8-B5DF-7BA94028F7C7}.Release|x64.ActiveCfg = Release|Any CPU
		{AB62F29D-2F8D-4DF8-B5DF-7BA94028F7C7}.Release|x64.Build.0 = Release|Any CPU
		{AB62F29D-2F8D-4DF8-B5DF-7BA94028F7C7}.Release|x64.Deploy.0 = Release|Any CPU
		{AB62F29D-2F8D-4DF8-B5DF-7BA94028F7C7}.Release|x86.ActiveCfg = Release|Any CPU
		{AB62F29D-2F8D-4DF8-B5DF-7BA94028F7C7}.Release|x86.Build.0 = Release|Any CPU
		{AB62F29D-2F8D-4DF8-B5DF-7BA94028F7C7}.Release|x86.Deploy.0 = Release|Any CPU
	EndGlobalSection
	GlobalSection(SolutionProperties) = preSolution
		HideSolutionNode = FALSE
	EndGlobalSection
	GlobalSection(ExtensibilityGlobals) = postSolution
		SolutionGuid = {7EBA8D9D-05FF-460F-9F3D-CAAB7E023AA9}
	EndGlobalSection
EndGlobal
